<?xml version="1.0" encoding="utf-8"?>
<Project ToolsVersion="4.0" xmlns="http://schemas.microsoft.com/developer/msbuild/2003">
  <ItemGroup>
    <Filter Include="Source Files">
      <UniqueIdentifier>{4FC737F1-C7A5-4376-A066-2A32D752A2FF}</UniqueIdentifier>
      <Extensions>cpp;c;cc;cxx;def;odl;idl;hpj;bat;asm;asmx</Extensions>
    </Filter>
    <Filter Include="Header Files">
      <UniqueIdentifier>{93995380-89BD-4b04-88EB-625FBE52EBFB}</UniqueIdentifier>
      <Extensions>h;hpp;hxx;hm;inl;inc;xsd</Extensions>
    </Filter>
    <Filter Include="Resource Files">
      <UniqueIdentifier>{67DA6AB6-F800-4c08-8B7A-83BB121AAD01}</UniqueIdentifier>
      <Extensions>rc;ico;cur;bmp;dlg;rc2;rct;bin;rgs;gif;jpg;jpeg;jpe;resx;tiff;tif;png;wav</Extensions>
    </Filter>
  </ItemGroup>
  <ItemGroup>
    <ClCompile Include="AssemblyInfo.cpp">
      <Filter>Source Files</Filter>
    </ClCompile>
    <ClCompile Include="ExceptionMessages.cpp">
      <Filter>Source Files</Filter>
    </ClCompile>
    <ClCompile Include="FFTW.cpp">
      <Filter>Source Files</Filter>
    </ClCompile>
    <ClCompile Include="instances.cpp">
      <Filter>Source Files</Filter>
    </ClCompile>
    <ClCompile Include="Lapack.cpp">
      <Filter>Source Files</Filter>
    </ClCompile>
    <ClCompile Include="MaxArray.cpp">
      <Filter>Source Files</Filter>
    </ClCompile>
    <ClCompile Include="ShortArray.cpp">
      <Filter>Source Files</Filter>
    </ClCompile>
    <ClCompile Include="SqlArray.cpp">
      <Filter>Source Files</Filter>
    </ClCompile>
    <ClCompile Include="SqlArrayAttribute.cpp">
      <Filter>Source Files</Filter>
    </ClCompile>
    <ClCompile Include="SqlArrayEnumerator.cpp">
      <Filter>Source Files</Filter>
    </ClCompile>
    <ClCompile Include="SqlArrayException.cpp">
      <Filter>Source Files</Filter>
    </ClCompile>
    <ClCompile Include="SqlArrayFunctions.cpp">
      <Filter>Source Files</Filter>
    </ClCompile>
    <ClCompile Include="SqlArrayItemEnumerator.cpp">
      <Filter>Source Files</Filter>
    </ClCompile>
    <ClCompile Include="SqlArrayMatrixEnumerator.cpp">
      <Filter>Source Files</Filter>
    </ClCompile>
    <ClCompile Include="SqlArraySliceEnumerator.cpp">
      <Filter>Source Files</Filter>
    </ClCompile>
    <ClCompile Include="SqlArraySubarrayEnumerator.cpp">
      <Filter>Source Files</Filter>
    </ClCompile>
    <ClCompile Include="SqlArrayTest.cpp">
      <Filter>Source Files</Filter>
    </ClCompile>
    <ClCompile Include="SqlArrayTypeConverter.cpp">
      <Filter>Source Files</Filter>
    </ClCompile>
    <ClCompile Include="SqlArrayTypeConverterAttribute.cpp">
      <Filter>Source Files</Filter>
    </ClCompile>
    <ClCompile Include="SqlComplex.cpp">
      <Filter>Source Files</Filter>
    </ClCompile>
    <ClCompile Include="Stdafx.cpp">
      <Filter>Source Files</Filter>
    </ClCompile>
    <ClCompile Include="SqlArrayConcat.cpp">
      <Filter>Source Files</Filter>
    </ClCompile>
    <ClCompile Include="SqlArrayConcatSubarrays.cpp">
      <Filter>Source Files</Filter>
    </ClCompile>
    <ClCompile Include="SqlArrayFFT.cpp">
      <Filter>Source Files</Filter>
    </ClCompile>
    <ClCompile Include="SqlArrayLinalg.cpp">
      <Filter>Source Files</Filter>
    </ClCompile>
    <ClCompile Include="SqlArrayAvgArray.cpp">
      <Filter>Source Files</Filter>
    </ClCompile>
    <ClCompile Include="SqlArraySumArray.cpp">
      <Filter>Source Files</Filter>
    </ClCompile>
  </ItemGroup>
  <ItemGroup>
    <ClInclude Include="enum.h">
      <Filter>Header Files</Filter>
    </ClInclude>
    <ClInclude Include="ExceptionMessages.h">
      <Filter>Header Files</Filter>
    </ClInclude>
    <ClInclude Include="FFTW.h">
      <Filter>Header Files</Filter>
    </ClInclude>
    <ClInclude Include="Lapack.h">
      <Filter>Header Files</Filter>
    </ClInclude>
    <ClInclude Include="macro.h">
      <Filter>Header Files</Filter>
    </ClInclude>
    <ClInclude Include="MaxArray.h">
      <Filter>Header Files</Filter>
    </ClInclude>
    <ClInclude Include="resource.h">
      <Filter>Header Files</Filter>
    </ClInclude>
    <ClInclude Include="ShortArray.h">
      <Filter>Header Files</Filter>
    </ClInclude>
    <ClInclude Include="SqlArray.h">
      <Filter>Header Files</Filter>
    </ClInclude>
    <ClInclude Include="SqlArrayAttribute.h">
      <Filter>Header Files</Filter>
    </ClInclude>
    <ClInclude Include="SqlArrayEnumerator.h">
      <Filter>Header Files</Filter>
    </ClInclude>
    <ClInclude Include="SqlArrayException.h">
      <Filter>Header Files</Filter>
    </ClInclude>
    <ClInclude Include="SqlArrayFunctions.h">
      <Filter>Header Files</Filter>
    </ClInclude>
    <ClInclude Include="SqlArrayHeader.h">
      <Filter>Header Files</Filter>
    </ClInclude>
    <ClInclude Include="SqlArrayItemEnumerator.h">
      <Filter>Header Files</Filter>
    </ClInclude>
    <ClInclude Include="SqlArrayMatrixEnumerator.h">
      <Filter>Header Files</Filter>
    </ClInclude>
    <ClInclude Include="SqlArraySliceEnumerator.h">
      <Filter>Header Files</Filter>
    </ClInclude>
    <ClInclude Include="SqlArraySubarrayEnumerator.h">
      <Filter>Header Files</Filter>
    </ClInclude>
    <ClInclude Include="SqlArrayTest.h">
      <Filter>Header Files</Filter>
    </ClInclude>
    <ClInclude Include="SqlArrayTypeConverter.h">
      <Filter>Header Files</Filter>
    </ClInclude>
    <ClInclude Include="SqlArrayTypeConverterAttribute.h">
      <Filter>Header Files</Filter>
    </ClInclude>
    <ClInclude Include="SqlComplex.h">
      <Filter>Header Files</Filter>
    </ClInclude>
    <ClInclude Include="SqlIndexItemPair.h">
      <Filter>Header Files</Filter>
    </ClInclude>
    <ClInclude Include="Stdafx.h">
      <Filter>Header Files</Filter>
    </ClInclude>
    <ClInclude Include="SqlArrayConcat.h">
      <Filter>Header Files</Filter>
    </ClInclude>
    <ClInclude Include="SqlArrayConcatSubarrays.h">
      <Filter>Header Files</Filter>
    </ClInclude>
    <ClInclude Include="SqlArrayFFT.h">
      <Filter>Header Files</Filter>
    </ClInclude>
    <ClInclude Include="SqlArrayLinalg.h">
      <Filter>Header Files</Filter>
    </ClInclude>
    <ClInclude Include="SqlArrayAvgArray.h">
      <Filter>Header Files</Filter>
    </ClInclude>
    <ClInclude Include="SqlArraySumArray.h">
      <Filter>Header Files</Filter>
    </ClInclude>
  </ItemGroup>
  <ItemGroup>
    <EmbeddedResource Include="ExceptionMessages.resx">
      <Filter>Resource Files</Filter>
    </EmbeddedResource>
  </ItemGroup>
</Project>